Microsoft Visual Studio Solution File, Format Version 12.00
# Visual Studio Version 17
VisualStudioVersion = 17.5.2.0
MinimumVisualStudioVersion = 10.0.40219.1
Project("{FAE04EC0-301F-11D3-BF4B-00C04F79EFBC}") = "BookCart.API", "BookCart.API\BookCart.API.csproj", "{0B92FEDE-5A93-29B3-4B75-6CF9261672A6}"
EndProject
Global
	GlobalSection(SolutionConfigurationPlatforms) = preSolution
		Debug|Any CPU = Debug|Any CPU
		Release|Any CPU = Release|Any CPU
	EndGlobalSection
	GlobalSection(ProjectConfigurationPlatforms) = postSolution
		{0B92FEDE-5A93-29B3-4B75-6CF9261672A6}.Debug|Any CPU.ActiveCfg = Debug|Any CPU
		{0B92FEDE-5A93-29B3-4B75-6CF9261672A6}.Debug|Any CPU.Build.0 = Debug|Any CPU
		{0B92FEDE-5A93-29B3-4B75-6CF9261672A6}.Release|Any CPU.ActiveCfg = Release|Any CPU
		{0B92FEDE-5A93-29B3-4B75-6CF9261672A6}.Release|Any CPU.Build.0 = Release|Any CPU
	EndGlobalSection
	GlobalSection(SolutionProperties) = preSolution
		HideSolutionNode = FALSE
	EndGlobalSection
	GlobalSection(ExtensibilityGlobals) = postSolution
		SolutionGuid = {D99BFA1B-89ED-4DC5-812A-0A02C0EFB2A6}
	EndGlobalSection
EndGlobal
